// !$*UTF8*$!
{
	archiveVersion = 1;
	classes = {
	};
	objectVersion = 46;
	objects = {

/* Begin PBXBuildFile section */
		1011DC4C165ACDDF00D93346 /* main.cpp in Sources */ = {isa = PBXBuildFile; fileRef = 1011DC4B165ACDDF00D93346 /* main.cpp */; };
		1011DC4E165ACDDF00D93346 /* Arkanoid.1 in CopyFiles */ = {isa = PBXBuildFile; fileRef = 1011DC4D165ACDDF00D93346 /* Arkanoid.1 */; };
		1011DC58165ACE1700D93346 /* SDL_image.framework in Frameworks */ = {isa = PBXBuildFile; fileRef = 1011DC54165ACE1700D93346 /* SDL_image.framework */; };
		1011DC59165ACE1700D93346 /* SDL_mixer.framework in Frameworks */ = {isa = PBXBuildFile; fileRef = 1011DC55165ACE1700D93346 /* SDL_mixer.framework */; };
		1011DC5A165ACE1700D93346 /* SDL_ttf.framework in Frameworks */ = {isa = PBXBuildFile; fileRef = 1011DC56165ACE1700D93346 /* SDL_ttf.framework */; };
		1011DC5B165ACE1700D93346 /* SDL.framework in Frameworks */ = {isa = PBXBuildFile; fileRef = 1011DC57165ACE1700D93346 /* SDL.framework */; };
		1011DC5E165ACE2A00D93346 /* SDLMain.m in Sources */ = {isa = PBXBuildFile; fileRef = 1011DC5D165ACE2A00D93346 /* SDLMain.m */; };
		1011DC60165ACE8F00D93346 /* Foundation.framework in Frameworks */ = {isa = PBXBuildFile; fileRef = 1011DC5F165ACE8F00D93346 /* Foundation.framework */; };
		1011DC62165ACE9500D93346 /* Cocoa.framework in Frameworks */ = {isa = PBXBuildFile; fileRef = 1011DC61165ACE9500D93346 /* Cocoa.framework */; };
		1011DC65165AD14B00D93346 /* Game.cpp in Sources */ = {isa = PBXBuildFile; fileRef = 1011DC63165AD14B00D93346 /* Game.cpp */; };
		1011DC6C165AD18D00D93346 /* GameObject.cpp in Sources */ = {isa = PBXBuildFile; fileRef = 1011DC6A165AD18D00D93346 /* GameObject.cpp */; };
		1011DC6F165AD1DF00D93346 /* Platform.cpp in Sources */ = {isa = PBXBuildFile; fileRef = 1011DC6D165AD1DE00D93346 /* Platform.cpp */; };
		1011DC72165AD20D00D93346 /* FpsCounter.cpp in Sources */ = {isa = PBXBuildFile; fileRef = 1011DC70165AD20D00D93346 /* FpsCounter.cpp */; };
		1011DC75165AD23300D93346 /* Singleton.cpp in Sources */ = {isa = PBXBuildFile; fileRef = 1011DC73165AD23300D93346 /* Singleton.cpp */; };
		104ED8EB16614BFB008085EC /* scaler.cpp in Sources */ = {isa = PBXBuildFile; fileRef = 104ED8EA16614BFB008085EC /* scaler.cpp */; };
		104ED8F1166167A4008085EC /* Block.cpp in Sources */ = {isa = PBXBuildFile; fileRef = 104ED8EF166167A4008085EC /* Block.cpp */; };
		1086372F1662AD1A00B02805 /* Effect.cpp in Sources */ = {isa = PBXBuildFile; fileRef = 1086372D1662AD1A00B02805 /* Effect.cpp */; };
		108637331662CA3300B02805 /* Projectile.cpp in Sources */ = {isa = PBXBuildFile; fileRef = 108637311662CA3300B02805 /* Projectile.cpp */; };
		108637361663C28000B02805 /* PlayingState.cpp in Sources */ = {isa = PBXBuildFile; fileRef = 108637341663C27F00B02805 /* PlayingState.cpp */; };
		1086373B1663D8A300B02805 /* State.cpp in Sources */ = {isa = PBXBuildFile; fileRef = 1086373A1663D8A300B02805 /* State.cpp */; };
		10C870F21663F5EF00563104 /* MenuState.cpp in Sources */ = {isa = PBXBuildFile; fileRef = 10C870F01663F5EF00563104 /* MenuState.cpp */; };
		10D4503F165EB639001A13FA /* Animation.cpp in Sources */ = {isa = PBXBuildFile; fileRef = 10D4503D165EB639001A13FA /* Animation.cpp */; };
		10DE61E0165D068200D9A1D4 /* Ball.cpp in Sources */ = {isa = PBXBuildFile; fileRef = 10DE61DE165D068100D9A1D4 /* Ball.cpp */; };
		10F8D47216619BAB005FEE53 /* MapLoader.cpp in Sources */ = {isa = PBXBuildFile; fileRef = 10F8D47016619BAB005FEE53 /* MapLoader.cpp */; };
		10F8D4761661A0DB005FEE53 /* ConfigFile.cpp in Sources */ = {isa = PBXBuildFile; fileRef = 10F8D4741661A0DA005FEE53 /* ConfigFile.cpp */; };
/* End PBXBuildFile section */

/* Begin PBXCopyFilesBuildPhase section */
		1011DC45165ACDDE00D93346 /* CopyFiles */ = {
			isa = PBXCopyFilesBuildPhase;
			buildActionMask = 2147483647;
			dstPath = /usr/share/man/man1/;
			dstSubfolderSpec = 0;
			files = (
				1011DC4E165ACDDF00D93346 /* Arkanoid.1 in CopyFiles */,
			);
			runOnlyForDeploymentPostprocessing = 1;
		};
/* End PBXCopyFilesBuildPhase section */

/* Begin PBXFileReference section */
		1011DC47165ACDDF00D93346 /* Arkanoid */ = {isa = PBXFileReference; explicitFileType = "compiled.mach-o.executable"; includeInIndex = 0; path = Arkanoid; sourceTree = BUILT_PRODUCTS_DIR; };
		1011DC4B165ACDDF00D93346 /* main.cpp */ = {isa = PBXFileReference; explicitFileType = sourcecode.cpp.objcpp; path = main.cpp; sourceTree = "<group>"; };
		1011DC4D165ACDDF00D93346 /* Arkanoid.1 */ = {isa = PBXFileReference; lastKnownFileType = text.man; path = Arkanoid.1; sourceTree = "<group>"; };
		1011DC54165ACE1700D93346 /* SDL_image.framework */ = {isa = PBXFileReference; lastKnownFileType = wrapper.framework; path = SDL_image.framework; sourceTree = "<group>"; };
		1011DC55165ACE1700D93346 /* SDL_mixer.framework */ = {isa = PBXFileReference; lastKnownFileType = wrapper.framework; path = SDL_mixer.framework; sourceTree = "<group>"; };
		1011DC56165ACE1700D93346 /* SDL_ttf.framework */ = {isa = PBXFileReference; lastKnownFileType = wrapper.framework; path = SDL_ttf.framework; sourceTree = "<group>"; };
		1011DC57165ACE1700D93346 /* SDL.framework */ = {isa = PBXFileReference; lastKnownFileType = wrapper.framework; path = SDL.framework; sourceTree = "<group>"; };
		1011DC5C165ACE2A00D93346 /* SDLMain.h */ = {isa = PBXFileReference; fileEncoding = 4; lastKnownFileType = sourcecode.c.h; path = SDLMain.h; sourceTree = "<group>"; };
		1011DC5D165ACE2A00D93346 /* SDLMain.m */ = {isa = PBXFileReference; fileEncoding = 4; lastKnownFileType = sourcecode.c.objc; path = SDLMain.m; sourceTree = "<group>"; };
		1011DC5F165ACE8F00D93346 /* Foundation.framework */ = {isa = PBXFileReference; lastKnownFileType = wrapper.framework; name = Foundation.framework; path = System/Library/Frameworks/Foundation.framework; sourceTree = SDKROOT; };
		1011DC61165ACE9500D93346 /* Cocoa.framework */ = {isa = PBXFileReference; lastKnownFileType = wrapper.framework; name = Cocoa.framework; path = System/Library/Frameworks/Cocoa.framework; sourceTree = SDKROOT; };
		1011DC63165AD14B00D93346 /* Game.cpp */ = {isa = PBXFileReference; fileEncoding = 4; lastKnownFileType = sourcecode.cpp.cpp; path = Game.cpp; sourceTree = "<group>"; };
		1011DC64165AD14B00D93346 /* Game.h */ = {isa = PBXFileReference; fileEncoding = 4; lastKnownFileType = sourcecode.c.h; path = Game.h; sourceTree = "<group>"; };
		1011DC6A165AD18D00D93346 /* GameObject.cpp */ = {isa = PBXFileReference; fileEncoding = 4; lastKnownFileType = sourcecode.cpp.cpp; path = GameObject.cpp; sourceTree = "<group>"; };
		1011DC6B165AD18D00D93346 /* GameObject.h */ = {isa = PBXFileReference; fileEncoding = 4; lastKnownFileType = sourcecode.c.h; path = GameObject.h; sourceTree = "<group>"; };
		1011DC6D165AD1DE00D93346 /* Platform.cpp */ = {isa = PBXFileReference; fileEncoding = 4; lastKnownFileType = sourcecode.cpp.cpp; path = Platform.cpp; sourceTree = "<group>"; };
		1011DC6E165AD1DF00D93346 /* Platform.h */ = {isa = PBXFileReference; fileEncoding = 4; lastKnownFileType = sourcecode.c.h; path = Platform.h; sourceTree = "<group>"; };
		1011DC70165AD20D00D93346 /* FpsCounter.cpp */ = {isa = PBXFileReference; fileEncoding = 4; lastKnownFileType = sourcecode.cpp.cpp; path = FpsCounter.cpp; sourceTree = "<group>"; };
		1011DC71165AD20D00D93346 /* FpsCounter.h */ = {isa = PBXFileReference; fileEncoding = 4; lastKnownFileType = sourcecode.c.h; path = FpsCounter.h; sourceTree = "<group>"; };
		1011DC73165AD23300D93346 /* Singleton.cpp */ = {isa = PBXFileReference; fileEncoding = 4; lastKnownFileType = sourcecode.cpp.cpp; path = Singleton.cpp; sourceTree = "<group>"; };
		1011DC74165AD23300D93346 /* Singleton.h */ = {isa = PBXFileReference; fileEncoding = 4; lastKnownFileType = sourcecode.c.h; path = Singleton.h; sourceTree = "<group>"; };
		104ED8EA16614BFB008085EC /* scaler.cpp */ = {isa = PBXFileReference; explicitFileType = sourcecode.cpp.cpp; fileEncoding = 4; path = scaler.cpp; sourceTree = "<group>"; };
		104ED8EC16614C22008085EC /* scaler.h */ = {isa = PBXFileReference; lastKnownFileType = sourcecode.c.h; path = scaler.h; sourceTree = "<group>"; };
		104ED8ED1661648B008085EC /* ball.png */ = {isa = PBXFileReference; lastKnownFileType = image.png; path = ball.png; sourceTree = "<group>"; };
		104ED8EE1661648B008085EC /* platform.png */ = {isa = PBXFileReference; lastKnownFileType = image.png; path = platform.png; sourceTree = "<group>"; };
		104ED8EF166167A4008085EC /* Block.cpp */ = {isa = PBXFileReference; fileEncoding = 4; lastKnownFileType = sourcecode.cpp.cpp; path = Block.cpp; sourceTree = "<group>"; };
		104ED8F0166167A4008085EC /* Block.h */ = {isa = PBXFileReference; fileEncoding = 4; lastKnownFileType = sourcecode.c.h; path = Block.h; sourceTree = "<group>"; };
		104ED8F216616A24008085EC /* block.png */ = {isa = PBXFileReference; lastKnownFileType = image.png; path = block.png; sourceTree = "<group>"; };
		1086372D1662AD1A00B02805 /* Effect.cpp */ = {isa = PBXFileReference; fileEncoding = 4; lastKnownFileType = sourcecode.cpp.cpp; path = Effect.cpp; sourceTree = "<group>"; };
		1086372E1662AD1A00B02805 /* Effect.h */ = {isa = PBXFileReference; fileEncoding = 4; lastKnownFileType = sourcecode.c.h; path = Effect.h; sourceTree = "<group>"; };
		108637311662CA3300B02805 /* Projectile.cpp */ = {isa = PBXFileReference; fileEncoding = 4; lastKnownFileType = sourcecode.cpp.cpp; path = Projectile.cpp; sourceTree = "<group>"; };
		108637321662CA3300B02805 /* Projectile.h */ = {isa = PBXFileReference; fileEncoding = 4; lastKnownFileType = sourcecode.c.h; path = Projectile.h; sourceTree = "<group>"; };
		108637341663C27F00B02805 /* PlayingState.cpp */ = {isa = PBXFileReference; fileEncoding = 4; lastKnownFileType = sourcecode.cpp.cpp; path = PlayingState.cpp; sourceTree = "<group>"; };
		108637351663C28000B02805 /* PlayingState.h */ = {isa = PBXFileReference; fileEncoding = 4; lastKnownFileType = sourcecode.c.h; path = PlayingState.h; sourceTree = "<group>"; };
		108637381663C47800B02805 /* State.h */ = {isa = PBXFileReference; fileEncoding = 4; lastKnownFileType = sourcecode.c.h; path = State.h; sourceTree = "<group>"; };
		1086373A1663D8A300B02805 /* State.cpp */ = {isa = PBXFileReference; fileEncoding = 4; lastKnownFileType = sourcecode.cpp.cpp; path = State.cpp; sourceTree = "<group>"; };
		10C870F01663F5EF00563104 /* MenuState.cpp */ = {isa = PBXFileReference; fileEncoding = 4; lastKnownFileType = sourcecode.cpp.cpp; path = MenuState.cpp; sourceTree = "<group>"; };
		10C870F11663F5EF00563104 /* MenuState.h */ = {isa = PBXFileReference; fileEncoding = 4; lastKnownFileType = sourcecode.c.h; path = MenuState.h; sourceTree = "<group>"; };
		10D4503D165EB639001A13FA /* Animation.cpp */ = {isa = PBXFileReference; fileEncoding = 4; lastKnownFileType = sourcecode.cpp.cpp; path = Animation.cpp; sourceTree = "<group>"; };
		10D4503E165EB639001A13FA /* Animation.h */ = {isa = PBXFileReference; fileEncoding = 4; lastKnownFileType = sourcecode.c.h; path = Animation.h; sourceTree = "<group>"; };
		10DE61DE165D068100D9A1D4 /* Ball.cpp */ = {isa = PBXFileReference; fileEncoding = 4; lastKnownFileType = sourcecode.cpp.cpp; path = Ball.cpp; sourceTree = "<group>"; };
		10DE61DF165D068200D9A1D4 /* Ball.h */ = {isa = PBXFileReference; fileEncoding = 4; lastKnownFileType = sourcecode.c.h; path = Ball.h; sourceTree = "<group>"; };
		10F8D47016619BAB005FEE53 /* MapLoader.cpp */ = {isa = PBXFileReference; fileEncoding = 4; lastKnownFileType = sourcecode.cpp.cpp; path = MapLoader.cpp; sourceTree = "<group>"; };
		10F8D47116619BAB005FEE53 /* MapLoader.h */ = {isa = PBXFileReference; fileEncoding = 4; lastKnownFileType = sourcecode.c.h; path = MapLoader.h; sourceTree = "<group>"; };
		10F8D4741661A0DA005FEE53 /* ConfigFile.cpp */ = {isa = PBXFileReference; fileEncoding = 4; lastKnownFileType = sourcecode.cpp.cpp; path = ConfigFile.cpp; sourceTree = "<group>"; };
		10F8D4751661A0DA005FEE53 /* ConfigFile.h */ = {isa = PBXFileReference; fileEncoding = 4; lastKnownFileType = sourcecode.c.h; path = ConfigFile.h; sourceTree = "<group>"; };
/* End PBXFileReference section */

/* Begin PBXFrameworksBuildPhase section */
		1011DC44165ACDDE00D93346 /* Frameworks */ = {
			isa = PBXFrameworksBuildPhase;
			buildActionMask = 2147483647;
			files = (
				1011DC62165ACE9500D93346 /* Cocoa.framework in Frameworks */,
				1011DC60165ACE8F00D93346 /* Foundation.framework in Frameworks */,
				1011DC58165ACE1700D93346 /* SDL_image.framework in Frameworks */,
				1011DC59165ACE1700D93346 /* SDL_mixer.framework in Frameworks */,
				1011DC5A165ACE1700D93346 /* SDL_ttf.framework in Frameworks */,
				1011DC5B165ACE1700D93346 /* SDL.framework in Frameworks */,
			);
			runOnlyForDeploymentPostprocessing = 0;
		};
/* End PBXFrameworksBuildPhase section */

/* Begin PBXGroup section */
		1011DC3C165ACDDE00D93346 = {
			isa = PBXGroup;
			children = (
				1011DC5C165ACE2A00D93346 /* SDLMain.h */,
				1011DC5D165ACE2A00D93346 /* SDLMain.m */,
				1011DC61165ACE9500D93346 /* Cocoa.framework */,
				1011DC5F165ACE8F00D93346 /* Foundation.framework */,
				1011DC54165ACE1700D93346 /* SDL_image.framework */,
				1011DC55165ACE1700D93346 /* SDL_mixer.framework */,
				1011DC56165ACE1700D93346 /* SDL_ttf.framework */,
				1011DC57165ACE1700D93346 /* SDL.framework */,
				103C502B166007170042BEBD /* data */,
				1011DC4A165ACDDF00D93346 /* src */,
				1011DC48165ACDDF00D93346 /* Products */,
			);
			sourceTree = "<group>";
		};
		1011DC48165ACDDF00D93346 /* Products */ = {
			isa = PBXGroup;
			children = (
				1011DC47165ACDDF00D93346 /* Arkanoid */,
			);
			name = Products;
			sourceTree = "<group>";
		};
		1011DC4A165ACDDF00D93346 /* src */ = {
			isa = PBXGroup;
			children = (
				1011DC4B165ACDDF00D93346 /* main.cpp */,
				104ED8EA16614BFB008085EC /* scaler.cpp */,
				104ED8EC16614C22008085EC /* scaler.h */,
				10D4503D165EB639001A13FA /* Animation.cpp */,
				10D4503E165EB639001A13FA /* Animation.h */,
				10DE61DE165D068100D9A1D4 /* Ball.cpp */,
				10DE61DF165D068200D9A1D4 /* Ball.h */,
				1011DC4D165ACDDF00D93346 /* Arkanoid.1 */,
				1011DC63165AD14B00D93346 /* Game.cpp */,
				1011DC64165AD14B00D93346 /* Game.h */,
				1011DC6A165AD18D00D93346 /* GameObject.cpp */,
				1011DC6B165AD18D00D93346 /* GameObject.h */,
				1011DC6D165AD1DE00D93346 /* Platform.cpp */,
				1011DC6E165AD1DF00D93346 /* Platform.h */,
				1011DC70165AD20D00D93346 /* FpsCounter.cpp */,
				1011DC71165AD20D00D93346 /* FpsCounter.h */,
				1011DC73165AD23300D93346 /* Singleton.cpp */,
				1011DC74165AD23300D93346 /* Singleton.h */,
				104ED8EF166167A4008085EC /* Block.cpp */,
				104ED8F0166167A4008085EC /* Block.h */,
				10F8D47016619BAB005FEE53 /* MapLoader.cpp */,
				10F8D47116619BAB005FEE53 /* MapLoader.h */,
				10F8D4741661A0DA005FEE53 /* ConfigFile.cpp */,
				10F8D4751661A0DA005FEE53 /* ConfigFile.h */,
				1086372D1662AD1A00B02805 /* Effect.cpp */,
				1086372E1662AD1A00B02805 /* Effect.h */,
				108637311662CA3300B02805 /* Projectile.cpp */,
				108637321662CA3300B02805 /* Projectile.h */,
				108637341663C27F00B02805 /* PlayingState.cpp */,
				108637351663C28000B02805 /* PlayingState.h */,
				108637381663C47800B02805 /* State.h */,
				1086373A1663D8A300B02805 /* State.cpp */,
				10C870F01663F5EF00563104 /* MenuState.cpp */,
				10C870F11663F5EF00563104 /* MenuState.h */,
			);
			name = src;
			path = Arkanoid;
			sourceTree = "<group>";
		};
		103C502B166007170042BEBD /* data */ = {
			isa = PBXGroup;
			children = (
				103C502E1660072D0042BEBD /* sounds */,
				103C502D166007200042BEBD /* graphics */,
			);
			name = data;
			sourceTree = "<group>";
		};
		103C502D166007200042BEBD /* graphics */ = {
			isa = PBXGroup;
			children = (
				104ED8F216616A24008085EC /* block.png */,
				104ED8ED1661648B008085EC /* ball.png */,
				104ED8EE1661648B008085EC /* platform.png */,
			);
			name = graphics;
			path = Arkanoid/data/graphics;
			sourceTree = "<group>";
		};
		103C502E1660072D0042BEBD /* sounds */ = {
			isa = PBXGroup;
			children = (
			);
			name = sounds;
			path = Arkanoid/data/sounds;
			sourceTree = "<group>";
		};
/* End PBXGroup section */

/* Begin PBXNativeTarget section */
		1011DC46165ACDDE00D93346 /* Arkanoid */ = {
			isa = PBXNativeTarget;
			buildConfigurationList = 1011DC51165ACDDF00D93346 /* Build configuration list for PBXNativeTarget "Arkanoid" */;
			buildPhases = (
				1011DC43165ACDDE00D93346 /* Sources */,
				1011DC44165ACDDE00D93346 /* Frameworks */,
				1011DC45165ACDDE00D93346 /* CopyFiles */,
			);
			buildRules = (
			);
			dependencies = (
			);
			name = Arkanoid;
			productName = Arkanoid;
			productReference = 1011DC47165ACDDF00D93346 /* Arkanoid */;
			productType = "com.apple.product-type.tool";
		};
/* End PBXNativeTarget section */

/* Begin PBXProject section */
		1011DC3E165ACDDE00D93346 /* Project object */ = {
			isa = PBXProject;
			attributes = {
				LastUpgradeCheck = 0450;
				ORGANIZATIONNAME = "Maciej Żurad";
			};
			buildConfigurationList = 1011DC41165ACDDE00D93346 /* Build configuration list for PBXProject "Arkanoid" */;
			compatibilityVersion = "Xcode 3.2";
			developmentRegion = English;
			hasScannedForEncodings = 0;
			knownRegions = (
				en,
			);
			mainGroup = 1011DC3C165ACDDE00D93346;
			productRefGroup = 1011DC48165ACDDF00D93346 /* Products */;
			projectDirPath = "";
			projectRoot = "";
			targets = (
				1011DC46165ACDDE00D93346 /* Arkanoid */,
			);
		};
/* End PBXProject section */

/* Begin PBXSourcesBuildPhase section */
		1011DC43165ACDDE00D93346 /* Sources */ = {
			isa = PBXSourcesBuildPhase;
			buildActionMask = 2147483647;
			files = (
				1011DC4C165ACDDF00D93346 /* main.cpp in Sources */,
				1011DC5E165ACE2A00D93346 /* SDLMain.m in Sources */,
				1011DC65165AD14B00D93346 /* Game.cpp in Sources */,
				1011DC6C165AD18D00D93346 /* GameObject.cpp in Sources */,
				1011DC6F165AD1DF00D93346 /* Platform.cpp in Sources */,
				1011DC72165AD20D00D93346 /* FpsCounter.cpp in Sources */,
				1011DC75165AD23300D93346 /* Singleton.cpp in Sources */,
				10DE61E0165D068200D9A1D4 /* Ball.cpp in Sources */,
				10D4503F165EB639001A13FA /* Animation.cpp in Sources */,
				104ED8EB16614BFB008085EC /* scaler.cpp in Sources */,
				104ED8F1166167A4008085EC /* Block.cpp in Sources */,
				10F8D47216619BAB005FEE53 /* MapLoader.cpp in Sources */,
				10F8D4761661A0DB005FEE53 /* ConfigFile.cpp in Sources */,
				1086372F1662AD1A00B02805 /* Effect.cpp in Sources */,
				108637331662CA3300B02805 /* Projectile.cpp in Sources */,
				108637361663C28000B02805 /* PlayingState.cpp in Sources */,
				1086373B1663D8A300B02805 /* State.cpp in Sources */,
				10C870F21663F5EF00563104 /* MenuState.cpp in Sources */,
			);
			runOnlyForDeploymentPostprocessing = 0;
		};
/* End PBXSourcesBuildPhase section */

/* Begin XCBuildConfiguration section */
		1011DC4F165ACDDF00D93346 /* Debug */ = {
			isa = XCBuildConfiguration;
			buildSettings = {
				ALWAYS_SEARCH_USER_PATHS = NO;
				ARCHS = "$(ARCHS_STANDARD_64_BIT)";
				CLANG_CXX_LANGUAGE_STANDARD = "gnu++0x";
				CLANG_CXX_LIBRARY = "libc++";
				CLANG_WARN_EMPTY_BODY = YES;
				CLANG_WARN__DUPLICATE_METHOD_MATCH = YES;
				COPY_PHASE_STRIP = NO;
				GCC_C_LANGUAGE_STANDARD = gnu99;
				GCC_DYNAMIC_NO_PIC = NO;
				GCC_ENABLE_OBJC_EXCEPTIONS = YES;
				GCC_OPTIMIZATION_LEVEL = 0;
				GCC_PREPROCESSOR_DEFINITIONS = (
					"DEBUG=1",
					"$(inherited)",
				);
				GCC_SYMBOLS_PRIVATE_EXTERN = NO;
				GCC_WARN_64_TO_32_BIT_CONVERSION = YES;
				GCC_WARN_ABOUT_RETURN_TYPE = YES;
				GCC_WARN_UNINITIALIZED_AUTOS = YES;
				GCC_WARN_UNUSED_VARIABLE = YES;
				MACOSX_DEPLOYMENT_TARGET = 10.8;
				ONLY_ACTIVE_ARCH = YES;
				SDKROOT = macosx;
			};
			name = Debug;
		};
		1011DC50165ACDDF00D93346 /* Release */ = {
			isa = XCBuildConfiguration;
			buildSettings = {
				ALWAYS_SEARCH_USER_PATHS = NO;
				ARCHS = "$(ARCHS_STANDARD_64_BIT)";
				CLANG_CXX_LANGUAGE_STANDARD = "gnu++0x";
				CLANG_CXX_LIBRARY = "libc++";
				CLANG_WARN_EMPTY_BODY = YES;
				CLANG_WARN__DUPLICATE_METHOD_MATCH = YES;
				COPY_PHASE_STRIP = YES;
				DEBUG_INFORMATION_FORMAT = "dwarf-with-dsym";
				GCC_C_LANGUAGE_STANDARD = gnu99;
				GCC_ENABLE_OBJC_EXCEPTIONS = YES;
				GCC_WARN_64_TO_32_BIT_CONVERSION = YES;
				GCC_WARN_ABOUT_RETURN_TYPE = YES;
				GCC_WARN_UNINITIALIZED_AUTOS = YES;
				GCC_WARN_UNUSED_VARIABLE = YES;
				MACOSX_DEPLOYMENT_TARGET = 10.8;
				SDKROOT = macosx;
			};
			name = Release;
		};
		1011DC52165ACDDF00D93346 /* Debug */ = {
			isa = XCBuildConfiguration;
			buildSettings = {
				FRAMEWORK_SEARCH_PATHS = (
					"$(inherited)",
					"\"$(SRCROOT)\"",
				);
				ONLY_ACTIVE_ARCH = YES;
				PRODUCT_NAME = "$(TARGET_NAME)";
			};
			name = Debug;
		};
		1011DC53165ACDDF00D93346 /* Release */ = {
			isa = XCBuildConfiguration;
			buildSettings = {
				FRAMEWORK_SEARCH_PATHS = (
					"$(inherited)",
					"\"$(SRCROOT)\"",
				);
				ONLY_ACTIVE_ARCH = NO;
				PRODUCT_NAME = "$(TARGET_NAME)";
			};
			name = Release;
		};
/* End XCBuildConfiguration section */

/* Begin XCConfigurationList section */
		1011DC41165ACDDE00D93346 /* Build configuration list for PBXProject "Arkanoid" */ = {
			isa = XCConfigurationList;
			buildConfigurations = (
				1011DC4F165ACDDF00D93346 /* Debug */,
				1011DC50165ACDDF00D93346 /* Release */,
			);
			defaultConfigurationIsVisible = 0;
			defaultConfigurationName = Release;
		};
		1011DC51165ACDDF00D93346 /* Build configuration list for PBXNativeTarget "Arkanoid" */ = {
			isa = XCConfigurationList;
			buildConfigurations = (
				1011DC52165ACDDF00D93346 /* Debug */,
				1011DC53165ACDDF00D93346 /* Release */,
			);
			defaultConfigurationIsVisible = 0;
			defaultConfigurationName = Release;
		};
/* End XCConfigurationList section */
	};
	rootObject = 1011DC3E165ACDDE00D93346 /* Project object */;
}
